{
  "name": "static",
  "version": "1.0.0",
  "lockfileVersion": 1,
  "requires": true,
  "dependencies": {
    "bootstrap": {
      "version": "4.4.1",
      "resolved": "https://registry.npmjs.org/bootstrap/-/bootstrap-4.4.1.tgz",
      "integrity": "sha512-tbx5cHubwE6e2ZG7nqM3g/FZ5PQEDMWmMGNrCUBVRPHXTJaH7CBDdsLeu3eCh3B1tzAxTnAbtmrzvWEvT2NNEA=="
    },
    "datatables.net": {
      "version": "1.13.4",
      "resolved": "https://registry.npmjs.org/datatables.net/-/datatables.net-1.13.4.tgz",
      "integrity": "sha512-yzhArTOB6tPO2QFKm1z3hA4vabtt2hRvgw8XLsT1xqEirinfGYqWDiWXlkTPTaJv2e7gG+Kf985sXkzBFlGrGQ==",
      "requires": {
        "jquery": ">=1.7"
      }
    },
    "datatables.net-bs4": {
      "version": "1.13.4",
      "resolved": "https://registry.npmjs.org/datatables.net-bs4/-/datatables.net-bs4-1.13.4.tgz",
      "integrity": "sha512-xRImAzF0Ra+JYc1oUeZtFv/XzUATk3CUyVSIDr2OYh0FwSTEU48S94bUBiTUJFvzwPFreqcTZb0IyMFWQvI1GA==",
      "requires": {
        "datatables.net": ">=1.12.1",
        "jquery": ">=1.7"
      }
    },
    "jquery": {
      "version": "3.4.1",
      "resolved": "https://registry.npmjs.org/jquery/-/jquery-3.4.1.tgz",
      "integrity": "sha512-36+AdBzCL+y6qjw5Tx7HgzeGCzC81MDDgaUP8ld2zhx58HdqXGoBd+tHdrBMiyjGQs0Hxs/MLZTu/eHNJJuWPw=="
    }
  }
}
